<?xml version="1.0" encoding="utf-8"?>
<Project ToolsVersion="4.0" xmlns="http://schemas.microsoft.com/developer/msbuild/2003">
  <ItemGroup>
    <Filter Include="Source Files">
      <UniqueIdentifier>{4FC737F1-C7A5-4376-A066-2A32D752A2FF}</UniqueIdentifier>
      <Extensions>cpp;c;cc;cxx;def;odl;idl;hpj;bat;asm;asmx</Extensions>
    </Filter>
    <Filter Include="Header Files">
      <UniqueIdentifier>{93995380-89BD-4b04-88EB-625FBE52EBFB}</UniqueIdentifier>
      <Extensions>h;hh;hpp;hxx;hm;inl;inc;xsd</Extensions>
    </Filter>
    <Filter Include="Resource Files">
      <UniqueIdentifier>{67DA6AB6-F800-4c08-8B7A-83BB121AAD01}</UniqueIdentifier>
      <Extensions>rc;ico;cur;bmp;dlg;rc2;rct;bin;rgs;gif;jpg;jpeg;jpe;resx;tiff;tif;png;wav;mfcribbon-ms</Extensions>
    </Filter>
  </ItemGroup>
  <ItemGroup>
    <ClCompile Include="Gumi Gota\Gumi Gota\src\graphics\2D\Camera2D.cpp">
      <Filter>Source Files</Filter>
    </ClCompile>
    <ClCompile Include="Gumi Gota\Gumi Gota\src\graphics\2D\Group2D.cpp">
      <Filter>Source Files</Filter>
    </ClCompile>
    <ClCompile Include="Gumi Gota\Gumi Gota\src\graphics\2D\Label2D.cpp">
      <Filter>Source Files</Filter>
    </ClCompile>
    <ClCompile Include="Gumi Gota\Gumi Gota\src\graphics\2D\Layer2D.cpp">
      <Filter>Source Files</Filter>
    </ClCompile>
    <ClCompile Include="Gumi Gota\Gumi Gota\src\graphics\2D\Light2D.cpp">
      <Filter>Source Files</Filter>
    </ClCompile>
    <ClCompile Include="Gumi Gota\Gumi Gota\src\graphics\2D\Renderable2D.cpp">
      <Filter>Source Files</Filter>
    </ClCompile>
    <ClCompile Include="Gumi Gota\Gumi Gota\src\graphics\2D\Sprite2D.cpp">
      <Filter>Source Files</Filter>
    </ClCompile>
    <ClCompile Include="Gumi Gota\Gumi Gota\src\graphics\buffers\IndexBuffer.cpp">
      <Filter>Source Files</Filter>
    </ClCompile>
    <ClCompile Include="Gumi Gota\Gumi Gota\src\graphics\buffers\VertexArray.cpp">
      <Filter>Source Files</Filter>
    </ClCompile>
    <ClCompile Include="Gumi Gota\Gumi Gota\src\graphics\buffers\VertexBuffer.cpp">
      <Filter>Source Files</Filter>
    </ClCompile>
    <ClCompile Include="Gumi Gota\Gumi Gota\src\graphics\Color.cpp">
      <Filter>Source Files</Filter>
    </ClCompile>
    <ClCompile Include="Gumi Gota\Gumi Gota\src\graphics\OpenGLHelpFunctions.cpp">
      <Filter>Source Files</Filter>
    </ClCompile>
    <ClCompile Include="Gumi Gota\Gumi Gota\src\graphics\Shader.cpp">
      <Filter>Source Files</Filter>
    </ClCompile>
    <ClCompile Include="Gumi Gota\Gumi Gota\src\graphics\Texture.cpp">
      <Filter>Source Files</Filter>
    </ClCompile>
    <ClCompile Include="Gumi Gota\Gumi Gota\src\graphics\Window.cpp">
      <Filter>Source Files</Filter>
    </ClCompile>
    <ClCompile Include="Gumi Gota\Gumi Gota\src\maths\general\BasicOperations.cpp">
      <Filter>Source Files</Filter>
    </ClCompile>
    <ClCompile Include="Gumi Gota\Gumi Gota\src\maths\geometry\AngleTransformations.cpp">
      <Filter>Source Files</Filter>
    </ClCompile>
    <ClCompile Include="Gumi Gota\Gumi Gota\src\maths\geometry\VectorTransformations.cpp">
      <Filter>Source Files</Filter>
    </ClCompile>
    <ClCompile Include="Gumi Gota\Gumi Gota\src\maths\matrices\matrix4.cpp">
      <Filter>Source Files</Filter>
    </ClCompile>
    <ClCompile Include="Gumi Gota\Gumi Gota\src\maths\trigonometry\Trigonometry.cpp">
      <Filter>Source Files</Filter>
    </ClCompile>
    <ClCompile Include="Gumi Gota\Gumi Gota\src\maths\vectors\vector2.cpp">
      <Filter>Source Files</Filter>
    </ClCompile>
    <ClCompile Include="Gumi Gota\Gumi Gota\src\maths\vectors\vector3.cpp">
      <Filter>Source Files</Filter>
    </ClCompile>
    <ClCompile Include="Gumi Gota\Gumi Gota\src\maths\vectors\vector4.cpp">
      <Filter>Source Files</Filter>
    </ClCompile>
    <ClCompile Include="Gumi Gota\Gumi Gota\src\utils\Sorting.cpp">
      <Filter>Source Files</Filter>
    </ClCompile>
    <ClCompile Include="Gumi Gota\Gumi Gota\src\utils\Timer.cpp">
      <Filter>Source Files</Filter>
    </ClCompile>
    <ClCompile Include="Gumi Gota\Gumi Gota\vendor\stb_image\stb_image.cpp">
      <Filter>Source Files</Filter>
    </ClCompile>
    <ClCompile Include="Gumi Gota\Gumi Gota\src\graphics\3D\Model.cpp">
      <Filter>Source Files</Filter>
    </ClCompile>
    <ClCompile Include="Gumi Gota\Gumi Gota\src\graphics\3D\Group3D.cpp">
      <Filter>Source Files</Filter>
    </ClCompile>
    <ClCompile Include="Gumi Gota\Gumi Gota\src\graphics\3D\Renderable3D.cpp">
      <Filter>Source Files</Filter>
    </ClCompile>
    <ClCompile Include="Gumi Gota\Gumi Gota\src\graphics\3D\Renderer3D.cpp">
      <Filter>Source Files</Filter>
    </ClCompile>
    <ClCompile Include="Gumi Gota\Gumi Gota\src\graphics\3D\Camera3D.cpp">
      <Filter>Source Files</Filter>
    </ClCompile>
    <ClCompile Include="Gumi Gota\Gumi Gota\src\utils\ModelLoader.cpp">
      <Filter>Source Files</Filter>
    </ClCompile>
    <ClCompile Include="Gumi Gota\Gumi Gota\src\graphics\3D\Light3D.cpp">
      <Filter>Source Files</Filter>
    </ClCompile>
    <ClCompile Include="Gumi Gota\Gumi Gota\src\graphics\3D\CubeMap.cpp">
      <Filter>Source Files</Filter>
    </ClCompile>
    <ClCompile Include="Gumi Gota\Gumi Gota\src\graphics\ErrorHandling.cpp">
      <Filter>Source Files</Filter>
    </ClCompile>
    <ClCompile Include="Gumi Gota\Engine Tester\src\Main.cpp">
      <Filter>Source Files</Filter>
    </ClCompile>
    <ClCompile Include="Gumi Gota\Engine Tester\src\MoveableCamera.cpp">
      <Filter>Source Files</Filter>
    </ClCompile>
    <ClCompile Include="Gumi Gota\Gumi Gota\src\graphics\3D\Scene3D.cpp">
      <Filter>Source Files</Filter>
    </ClCompile>
    <ClCompile Include="Gumi Gota\Gumi Gota\src\graphics\2D\Scene2D.cpp">
      <Filter>Source Files</Filter>
    </ClCompile>
    <ClCompile Include="Gumi Gota\Gumi Gota\src\graphics\3D\particles\DirectionParticleSystem.cpp">
      <Filter>Source Files</Filter>
    </ClCompile>
    <ClCompile Include="Gumi Gota\Gumi Gota\src\graphics\3D\particles\ParticleGroup.cpp">
      <Filter>Source Files</Filter>
    </ClCompile>
    <ClCompile Include="Gumi Gota\Gumi Gota\src\graphics\3D\particles\Particle.cpp">
      <Filter>Source Files</Filter>
    </ClCompile>
    <ClCompile Include="Gumi Gota\Gumi Gota\src\graphics\3D\particles\ParticleSystem.cpp">
      <Filter>Source Files</Filter>
    </ClCompile>
    <ClCompile Include="Gumi Gota\Gumi Gota\src\graphics\3D\particles\SpreadParticleSystem.cpp">
      <Filter>Source Files</Filter>
    </ClCompile>
    <ClCompile Include="Gumi Gota\Gumi Gota\src\graphics\3D\water\WaterTile.cpp">
      <Filter>Source Files</Filter>
    </ClCompile>
    <ClCompile Include="Gumi Gota\Gumi Gota\src\graphics\buffers\FrameBuffer.cpp">
      <Filter>Source Files</Filter>
    </ClCompile>
  </ItemGroup>
  <ItemGroup>
    <ClInclude Include="Gumi Gota\Gumi Gota\src\graphics\2D\Camera2D.h">
      <Filter>Header Files</Filter>
    </ClInclude>
    <ClInclude Include="Gumi Gota\Gumi Gota\src\graphics\2D\Group2D.h">
      <Filter>Header Files</Filter>
    </ClInclude>
    <ClInclude Include="Gumi Gota\Gumi Gota\src\graphics\2D\Label2D.h">
      <Filter>Header Files</Filter>
    </ClInclude>
    <ClInclude Include="Gumi Gota\Gumi Gota\src\graphics\2D\Layer2D.h">
      <Filter>Header Files</Filter>
    </ClInclude>
    <ClInclude Include="Gumi Gota\Gumi Gota\src\graphics\2D\Light2D.h">
      <Filter>Header Files</Filter>
    </ClInclude>
    <ClInclude Include="Gumi Gota\Gumi Gota\src\graphics\2D\Renderable2D.h">
      <Filter>Header Files</Filter>
    </ClInclude>
    <ClInclude Include="Gumi Gota\Gumi Gota\src\graphics\2D\Sprite2D.h">
      <Filter>Header Files</Filter>
    </ClInclude>
    <ClInclude Include="Gumi Gota\Gumi Gota\src\graphics\buffers\IndexBuffer.h">
      <Filter>Header Files</Filter>
    </ClInclude>
    <ClInclude Include="Gumi Gota\Gumi Gota\src\graphics\buffers\VertexArray.h">
      <Filter>Header Files</Filter>
    </ClInclude>
    <ClInclude Include="Gumi Gota\Gumi Gota\src\graphics\buffers\VertexBuffer.h">
      <Filter>Header Files</Filter>
    </ClInclude>
    <ClInclude Include="Gumi Gota\Gumi Gota\src\graphics\Color.h">
      <Filter>Header Files</Filter>
    </ClInclude>
    <ClInclude Include="Gumi Gota\Gumi Gota\src\graphics\OpenGLHelpFunctions.h">
      <Filter>Header Files</Filter>
    </ClInclude>
    <ClInclude Include="Gumi Gota\Gumi Gota\src\graphics\Shader.h">
      <Filter>Header Files</Filter>
    </ClInclude>
    <ClInclude Include="Gumi Gota\Gumi Gota\src\graphics\Texture.h">
      <Filter>Header Files</Filter>
    </ClInclude>
    <ClInclude Include="Gumi Gota\Gumi Gota\src\graphics\Window.h">
      <Filter>Header Files</Filter>
    </ClInclude>
    <ClInclude Include="Gumi Gota\Gumi Gota\src\maths\general\BasicOperations.h">
      <Filter>Header Files</Filter>
    </ClInclude>
    <ClInclude Include="Gumi Gota\Gumi Gota\src\maths\general\Constants.h">
      <Filter>Header Files</Filter>
    </ClInclude>
    <ClInclude Include="Gumi Gota\Gumi Gota\src\maths\geometry\AngleTransformations.h">
      <Filter>Header Files</Filter>
    </ClInclude>
    <ClInclude Include="Gumi Gota\Gumi Gota\src\maths\geometry\VectorTransformations.h">
      <Filter>Header Files</Filter>
    </ClInclude>
    <ClInclude Include="Gumi Gota\Gumi Gota\src\maths\matrices\matrix4.h">
      <Filter>Header Files</Filter>
    </ClInclude>
    <ClInclude Include="Gumi Gota\Gumi Gota\src\maths\trigonometry\Trigonometry.h">
      <Filter>Header Files</Filter>
    </ClInclude>
    <ClInclude Include="Gumi Gota\Gumi Gota\src\maths\vectors\vector2.h">
      <Filter>Header Files</Filter>
    </ClInclude>
    <ClInclude Include="Gumi Gota\Gumi Gota\src\maths\vectors\vector3.h">
      <Filter>Header Files</Filter>
    </ClInclude>
    <ClInclude Include="Gumi Gota\Gumi Gota\src\maths\vectors\vector4.h">
      <Filter>Header Files</Filter>
    </ClInclude>
    <ClInclude Include="Gumi Gota\Gumi Gota\src\utils\Sorting.h">
      <Filter>Header Files</Filter>
    </ClInclude>
    <ClInclude Include="Gumi Gota\Gumi Gota\src\utils\Timer.h">
      <Filter>Header Files</Filter>
    </ClInclude>
    <ClInclude Include="Gumi Gota\Gumi Gota\src\Graphics.h">
      <Filter>Header Files</Filter>
    </ClInclude>
    <ClInclude Include="Gumi Gota\Gumi Gota\src\GumiGota.h">
      <Filter>Header Files</Filter>
    </ClInclude>
    <ClInclude Include="Gumi Gota\Gumi Gota\src\Maths.h">
      <Filter>Header Files</Filter>
    </ClInclude>
    <ClInclude Include="Gumi Gota\Gumi Gota\src\Utils.h">
      <Filter>Header Files</Filter>
    </ClInclude>
    <ClInclude Include="Gumi Gota\Gumi Gota\vendor\stb_image\stb_image.h">
      <Filter>Header Files</Filter>
    </ClInclude>
    <ClInclude Include="Gumi Gota\Gumi Gota\src\graphics\3D\Model.h">
      <Filter>Header Files</Filter>
    </ClInclude>
    <ClInclude Include="Gumi Gota\Gumi Gota\src\graphics\3D\Group3D.h">
      <Filter>Header Files</Filter>
    </ClInclude>
    <ClInclude Include="Gumi Gota\Gumi Gota\src\graphics\3D\Renderable3D.h">
      <Filter>Header Files</Filter>
    </ClInclude>
    <ClInclude Include="Gumi Gota\Gumi Gota\src\graphics\3D\Renderer3D.h">
      <Filter>Header Files</Filter>
    </ClInclude>
    <ClInclude Include="Gumi Gota\Gumi Gota\src\graphics\3D\Camera3D.h">
      <Filter>Header Files</Filter>
    </ClInclude>
    <ClInclude Include="Gumi Gota\Gumi Gota\src\utils\ModelLoader.h">
      <Filter>Header Files</Filter>
    </ClInclude>
    <ClInclude Include="Gumi Gota\Gumi Gota\src\graphics\3D\Light3D.h">
      <Filter>Header Files</Filter>
    </ClInclude>
    <ClInclude Include="Gumi Gota\Gumi Gota\src\Log.h">
      <Filter>Header Files</Filter>
    </ClInclude>
    <ClInclude Include="Gumi Gota\Gumi Gota\src\graphics\3D\CubeMap.h">
      <Filter>Header Files</Filter>
    </ClInclude>
    <ClInclude Include="Gumi Gota\Gumi Gota\src\graphics\ErrorHandling.h">
      <Filter>Header Files</Filter>
    </ClInclude>
    <ClInclude Include="Gumi Gota\Engine Tester\src\MoveableCamera.h">
      <Filter>Header Files</Filter>
    </ClInclude>
    <ClInclude Include="Gumi Gota\Gumi Gota\src\graphics\3D\Scene3D.h">
      <Filter>Header Files</Filter>
    </ClInclude>
    <ClInclude Include="Gumi Gota\Gumi Gota\src\graphics\2D\Scene2D.h">
      <Filter>Header Files</Filter>
    </ClInclude>
    <ClInclude Include="Gumi Gota\Gumi Gota\src\graphics\3D\particles\DirectionParticleSystem.h">
      <Filter>Header Files</Filter>
    </ClInclude>
    <ClInclude Include="Gumi Gota\Gumi Gota\src\graphics\3D\particles\Particle.h">
      <Filter>Header Files</Filter>
    </ClInclude>
    <ClInclude Include="Gumi Gota\Gumi Gota\src\graphics\3D\particles\ParticleGroup.h">
      <Filter>Header Files</Filter>
    </ClInclude>
    <ClInclude Include="Gumi Gota\Gumi Gota\src\graphics\3D\particles\ParticleSystem.h">
      <Filter>Header Files</Filter>
    </ClInclude>
    <ClInclude Include="Gumi Gota\Gumi Gota\src\graphics\3D\particles\SpreadParticleSystem.h">
      <Filter>Header Files</Filter>
    </ClInclude>
    <ClInclude Include="Gumi Gota\Gumi Gota\src\graphics\3D\water\WaterTile.h">
      <Filter>Header Files</Filter>
    </ClInclude>
    <ClInclude Include="Gumi Gota\Gumi Gota\src\graphics\buffers\FrameBuffer.h">
      <Filter>Header Files</Filter>
    </ClInclude>
  </ItemGroup>
  <ItemGroup>
    <None Include="Gumi Gota\Gumi Gota\res\shaders\Skybox3D.shader" />
    <None Include="Gumi Gota\Gumi Gota\res\shaders\TextureLight2D.shader" />
    <None Include="Gumi Gota\Gumi Gota\res\shaders\Texture2D.shader" />
    <None Include="Gumi Gota\Gumi Gota\res\shaders\Color2D.shader" />
    <None Include="Gumi Gota\Gumi Gota\res\shaders\ColorLight2D.shader" />
    <None Include="Gumi Gota\Gumi Gota\res\shaders\InstanceParticle3D.shader" />
    <None Include="Gumi Gota\Gumi Gota\res\shaders\NormalParticle3D.shader" />
    <None Include="Gumi Gota\Gumi Gota\res\shaders\BasicLight3D.shader" />
    <None Include="Gumi Gota\Gumi Gota\res\shaders\WaterLight3D.shader" />
  </ItemGroup>
</Project>